
Microsoft Visual Studio Solution File, Format Version 12.00
# Visual Studio Version 17
VisualStudioVersion = 17.10.34928.147
MinimumVisualStudioVersion = 10.0.40219.1
Project("{FAE04EC0-301F-11D3-BF4B-00C04F79EFBC}") = "Strada.API", "WebApplication1\Strada.API.csproj", "{AC422B26-F0FA-4714-80D7-54B4F64D6BBC}"
EndProject
Project("{FAE04EC0-301F-11D3-BF4B-00C04F79EFBC}") = "Strada.Domain", "Strada.Domain\Strada.Domain.csproj", "{236A5541-F748-4561-9AF2-89CAB792D20D}"
EndProject
Project("{FAE04EC0-301F-11D3-BF4B-00C04F79EFBC}") = "Strada.Application", "Strada.Application\Strada.Application.csproj", "{584B6980-D4C6-4CED-9614-7242D6C0AD38}"
EndProject
Project("{FAE04EC0-301F-11D3-BF4B-00C04F79EFBC}") = "Strada.Database", "Strada.Database\Strada.Database.csproj", "{CD36219F-E01E-4112-A921-D751A83B5CE7}"
EndProject
Global
	GlobalSection(SolutionConfigurationPlatforms) = preSolution
		Debug|Any CPU = Debug|Any CPU
		Release|Any CPU = Release|Any CPU
	EndGlobalSection
	GlobalSection(ProjectConfigurationPlatforms) = postSolution
		{AC422B26-F0FA-4714-80D7-54B4F64D6BBC}.Debug|Any CPU.ActiveCfg = Debug|Any CPU
		{AC422B26-F0FA-4714-80D7-54B4F64D6BBC}.Debug|Any CPU.Build.0 = Debug|Any CPU
		{AC422B26-F0FA-4714-80D7-54B4F64D6BBC}.Release|Any CPU.ActiveCfg = Release|Any CPU
		{AC422B26-F0FA-4714-80D7-54B4F64D6BBC}.Release|Any CPU.Build.0 = Release|Any CPU
		{236A5541-F748-4561-9AF2-89CAB792D20D}.Debug|Any CPU.ActiveCfg = Debug|Any CPU
		{236A5541-F748-4561-9AF2-89CAB792D20D}.Debug|Any CPU.Build.0 = Debug|Any CPU
		{236A5541-F748-4561-9AF2-89CAB792D20D}.Release|Any CPU.ActiveCfg = Release|Any CPU
		{236A5541-F748-4561-9AF2-89CAB792D20D}.Release|Any CPU.Build.0 = Release|Any CPU
		{584B6980-D4C6-4CED-9614-7242D6C0AD38}.Debug|Any CPU.ActiveCfg = Debug|Any CPU
		{584B6980-D4C6-4CED-9614-7242D6C0AD38}.Debug|Any CPU.Build.0 = Debug|Any CPU
		{584B6980-D4C6-4CED-9614-7242D6C0AD38}.Release|Any CPU.ActiveCfg = Release|Any CPU
		{584B6980-D4C6-4CED-9614-7242D6C0AD38}.Release|Any CPU.Build.0 = Release|Any CPU
		{CD36219F-E01E-4112-A921-D751A83B5CE7}.Debug|Any CPU.ActiveCfg = Debug|Any CPU
		{CD36219F-E01E-4112-A921-D751A83B5CE7}.Debug|Any CPU.Build.0 = Debug|Any CPU
		{CD36219F-E01E-4112-A921-D751A83B5CE7}.Release|Any CPU.ActiveCfg = Release|Any CPU
		{CD36219F-E01E-4112-A921-D751A83B5CE7}.Release|Any CPU.Build.0 = Release|Any CPU
	EndGlobalSection
	GlobalSection(SolutionProperties) = preSolution
		HideSolutionNode = FALSE
	EndGlobalSection
	GlobalSection(ExtensibilityGlobals) = postSolution
		SolutionGuid = {38AD15B4-548F-4AD2-BF14-2217A6C1CCAD}
	EndGlobalSection
EndGlobal
